// !$*UTF8*$!
{
	archiveVersion = 1;
	classes = {
	};
	objectVersion = 46;
	objects = {

/* Begin PBXBuildFile section */
		12DAAFD11D18B48900D729A9 /* AppDelegate.swift in Sources */ = {isa = PBXBuildFile; fileRef = 12DAAFD01D18B48900D729A9 /* AppDelegate.swift */; };
		12DAAFD31D18B48900D729A9 /* BarChartViewController.swift in Sources */ = {isa = PBXBuildFile; fileRef = 12DAAFD21D18B48900D729A9 /* BarChartViewController.swift */; };
		12DAAFD61D18B48900D729A9 /* Main.storyboard in Resources */ = {isa = PBXBuildFile; fileRef = 12DAAFD41D18B48900D729A9 /* Main.storyboard */; };
		12DAAFD91D18B48900D729A9 /* AimsioBarChart.xcdatamodeld in Sources */ = {isa = PBXBuildFile; fileRef = 12DAAFD71D18B48900D729A9 /* AimsioBarChart.xcdatamodeld */; };
		12DAAFDB1D18B48900D729A9 /* Assets.xcassets in Resources */ = {isa = PBXBuildFile; fileRef = 12DAAFDA1D18B48900D729A9 /* Assets.xcassets */; };
		12DAAFDE1D18B48900D729A9 /* LaunchScreen.storyboard in Resources */ = {isa = PBXBuildFile; fileRef = 12DAAFDC1D18B48900D729A9 /* LaunchScreen.storyboard */; };
		12DAAFE91D18B48900D729A9 /* AimsioBarChartTests.swift in Sources */ = {isa = PBXBuildFile; fileRef = 12DAAFE81D18B48900D729A9 /* AimsioBarChartTests.swift */; };
		12DAAFF41D18C21C00D729A9 /* UIView+Rotation.swift in Sources */ = {isa = PBXBuildFile; fileRef = 12DAAFF31D18C21C00D729A9 /* UIView+Rotation.swift */; };
/* End PBXBuildFile section */

/* Begin PBXContainerItemProxy section */
		12DAAFE51D18B48900D729A9 /* PBXContainerItemProxy */ = {
			isa = PBXContainerItemProxy;
			containerPortal = 12DAAFC51D18B48900D729A9 /* Project object */;
			proxyType = 1;
			remoteGlobalIDString = 12DAAFCC1D18B48900D729A9;
			remoteInfo = AimsioBarChart;
		};
/* End PBXContainerItemProxy section */

/* Begin PBXFileReference section */
		12DAAFCD1D18B48900D729A9 /* AimsioBarChart.app */ = {isa = PBXFileReference; explicitFileType = wrapper.application; includeInIndex = 0; path = AimsioBarChart.app; sourceTree = BUILT_PRODUCTS_DIR; };
		12DAAFD01D18B48900D729A9 /* AppDelegate.swift */ = {isa = PBXFileReference; lastKnownFileType = sourcecode.swift; path = AppDelegate.swift; sourceTree = "<group>"; };
		12DAAFD21D18B48900D729A9 /* BarChartViewController.swift */ = {isa = PBXFileReference; lastKnownFileType = sourcecode.swift; path = BarChartViewController.swift; sourceTree = "<group>"; };
		12DAAFD51D18B48900D729A9 /* Base */ = {isa = PBXFileReference; lastKnownFileType = file.storyboard; name = Base; path = Base.lproj/Main.storyboard; sourceTree = "<group>"; };
		12DAAFD81D18B48900D729A9 /* AimsioBarChart.xcdatamodel */ = {isa = PBXFileReference; lastKnownFileType = wrapper.xcdatamodel; path = AimsioBarChart.xcdatamodel; sourceTree = "<group>"; };
		12DAAFDA1D18B48900D729A9 /* Assets.xcassets */ = {isa = PBXFileReference; lastKnownFileType = folder.assetcatalog; path = Assets.xcassets; sourceTree = "<group>"; };
		12DAAFDD1D18B48900D729A9 /* Base */ = {isa = PBXFileReference; lastKnownFileType = file.storyboard; name = Base; path = Base.lproj/LaunchScreen.storyboard; sourceTree = "<group>"; };
		12DAAFDF1D18B48900D729A9 /* Info.plist */ = {isa = PBXFileReference; lastKnownFileType = text.plist.xml; path = Info.plist; sourceTree = "<group>"; };
		12DAAFE41D18B48900D729A9 /* AimsioBarChartTests.xctest */ = {isa = PBXFileReference; explicitFileType = wrapper.cfbundle; includeInIndex = 0; path = AimsioBarChartTests.xctest; sourceTree = BUILT_PRODUCTS_DIR; };
		12DAAFE81D18B48900D729A9 /* AimsioBarChartTests.swift */ = {isa = PBXFileReference; lastKnownFileType = sourcecode.swift; path = AimsioBarChartTests.swift; sourceTree = "<group>"; };
		12DAAFEA1D18B48900D729A9 /* Info.plist */ = {isa = PBXFileReference; lastKnownFileType = text.plist.xml; path = Info.plist; sourceTree = "<group>"; };
		12DAAFF31D18C21C00D729A9 /* UIView+Rotation.swift */ = {isa = PBXFileReference; fileEncoding = 4; lastKnownFileType = sourcecode.swift; path = "UIView+Rotation.swift"; sourceTree = "<group>"; };
/* End PBXFileReference section */

/* Begin PBXFrameworksBuildPhase section */
		12DAAFCA1D18B48900D729A9 /* Frameworks */ = {
			isa = PBXFrameworksBuildPhase;
			buildActionMask = 2147483647;
			files = (
			);
			runOnlyForDeploymentPostprocessing = 0;
		};
		12DAAFE11D18B48900D729A9 /* Frameworks */ = {
			isa = PBXFrameworksBuildPhase;
			buildActionMask = 2147483647;
			files = (
			);
			runOnlyForDeploymentPostprocessing = 0;
		};
/* End PBXFrameworksBuildPhase section */

/* Begin PBXGroup section */
		12DAAFC41D18B48900D729A9 = {
			isa = PBXGroup;
			children = (
				12DAAFCF1D18B48900D729A9 /* AimsioBarChart */,
				12DAAFE71D18B48900D729A9 /* AimsioBarChartTests */,
				12DAAFCE1D18B48900D729A9 /* Products */,
			);
			sourceTree = "<group>";
		};
		12DAAFCE1D18B48900D729A9 /* Products */ = {
			isa = PBXGroup;
			children = (
				12DAAFCD1D18B48900D729A9 /* AimsioBarChart.app */,
				12DAAFE41D18B48900D729A9 /* AimsioBarChartTests.xctest */,
			);
			name = Products;
			sourceTree = "<group>";
		};
		12DAAFCF1D18B48900D729A9 /* AimsioBarChart */ = {
			isa = PBXGroup;
			children = (
				12DAAFD01D18B48900D729A9 /* AppDelegate.swift */,
				12DAAFD21D18B48900D729A9 /* BarChartViewController.swift */,
				12DAAFF31D18C21C00D729A9 /* UIView+Rotation.swift */,
				12DAAFD41D18B48900D729A9 /* Main.storyboard */,
				12DAAFDA1D18B48900D729A9 /* Assets.xcassets */,
				12DAAFDC1D18B48900D729A9 /* LaunchScreen.storyboard */,
				12DAAFDF1D18B48900D729A9 /* Info.plist */,
				12DAAFD71D18B48900D729A9 /* AimsioBarChart.xcdatamodeld */,
			);
			path = AimsioBarChart;
			sourceTree = "<group>";
		};
		12DAAFE71D18B48900D729A9 /* AimsioBarChartTests */ = {
			isa = PBXGroup;
			children = (
				12DAAFE81D18B48900D729A9 /* AimsioBarChartTests.swift */,
				12DAAFEA1D18B48900D729A9 /* Info.plist */,
			);
			path = AimsioBarChartTests;
			sourceTree = "<group>";
		};
/* End PBXGroup section */

/* Begin PBXNativeTarget section */
		12DAAFCC1D18B48900D729A9 /* AimsioBarChart */ = {
			isa = PBXNativeTarget;
			buildConfigurationList = 12DAAFED1D18B48900D729A9 /* Build configuration list for PBXNativeTarget "AimsioBarChart" */;
			buildPhases = (
				12DAAFC91D18B48900D729A9 /* Sources */,
				12DAAFCA1D18B48900D729A9 /* Frameworks */,
				12DAAFCB1D18B48900D729A9 /* Resources */,
			);
			buildRules = (
			);
			dependencies = (
			);
			name = AimsioBarChart;
			productName = AimsioBarChart;
			productReference = 12DAAFCD1D18B48900D729A9 /* AimsioBarChart.app */;
			productType = "com.apple.product-type.application";
		};
		12DAAFE31D18B48900D729A9 /* AimsioBarChartTests */ = {
			isa = PBXNativeTarget;
			buildConfigurationList = 12DAAFF01D18B48900D729A9 /* Build configuration list for PBXNativeTarget "AimsioBarChartTests" */;
			buildPhases = (
				12DAAFE01D18B48900D729A9 /* Sources */,
				12DAAFE11D18B48900D729A9 /* Frameworks */,
				12DAAFE21D18B48900D729A9 /* Resources */,
			);
			buildRules = (
			);
			dependencies = (
				12DAAFE61D18B48900D729A9 /* PBXTargetDependency */,
			);
			name = AimsioBarChartTests;
			productName = AimsioBarChartTests;
			productReference = 12DAAFE41D18B48900D729A9 /* AimsioBarChartTests.xctest */;
			productType = "com.apple.product-type.bundle.unit-test";
		};
/* End PBXNativeTarget section */

/* Begin PBXProject section */
		12DAAFC51D18B48900D729A9 /* Project object */ = {
			isa = PBXProject;
			attributes = {
				LastSwiftUpdateCheck = 0730;
				LastUpgradeCheck = 0730;
				ORGANIZATIONNAME = ArsenykUstaris;
				TargetAttributes = {
					12DAAFCC1D18B48900D729A9 = {
						CreatedOnToolsVersion = 7.3;
					};
					12DAAFE31D18B48900D729A9 = {
						CreatedOnToolsVersion = 7.3;
						TestTargetID = 12DAAFCC1D18B48900D729A9;
					};
				};
			};
			buildConfigurationList = 12DAAFC81D18B48900D729A9 /* Build configuration list for PBXProject "AimsioBarChart" */;
			compatibilityVersion = "Xcode 3.2";
			developmentRegion = English;
			hasScannedForEncodings = 0;
			knownRegions = (
				en,
				Base,
			);
			mainGroup = 12DAAFC41D18B48900D729A9;
			productRefGroup = 12DAAFCE1D18B48900D729A9 /* Products */;
			projectDirPath = "";
			projectRoot = "";
			targets = (
				12DAAFCC1D18B48900D729A9 /* AimsioBarChart */,
				12DAAFE31D18B48900D729A9 /* AimsioBarChartTests */,
			);
		};
/* End PBXProject section */

/* Begin PBXResourcesBuildPhase section */
		12DAAFCB1D18B48900D729A9 /* Resources */ = {
			isa = PBXResourcesBuildPhase;
			buildActionMask = 2147483647;
			files = (
				12DAAFDE1D18B48900D729A9 /* LaunchScreen.storyboard in Resources */,
				12DAAFDB1D18B48900D729A9 /* Assets.xcassets in Resources */,
				12DAAFD61D18B48900D729A9 /* Main.storyboard in Resources */,
			);
			runOnlyForDeploymentPostprocessing = 0;
		};
		12DAAFE21D18B48900D729A9 /* Resources */ = {
			isa = PBXResourcesBuildPhase;
			buildActionMask = 2147483647;
			files = (
			);
			runOnlyForDeploymentPostprocessing = 0;
		};
/* End PBXResourcesBuildPhase section */

/* Begin PBXSourcesBuildPhase section */
		12DAAFC91D18B48900D729A9 /* Sources */ = {
			isa = PBXSourcesBuildPhase;
			buildActionMask = 2147483647;
			files = (
				12DAAFF41D18C21C00D729A9 /* UIView+Rotation.swift in Sources */,
				12DAAFD31D18B48900D729A9 /* BarChartViewController.swift in Sources */,
				12DAAFD11D18B48900D729A9 /* AppDelegate.swift in Sources */,
				12DAAFD91D18B48900D729A9 /* AimsioBarChart.xcdatamodeld in Sources */,
			);
			runOnlyForDeploymentPostprocessing = 0;
		};
		12DAAFE01D18B48900D729A9 /* Sources */ = {
			isa = PBXSourcesBuildPhase;
			buildActionMask = 2147483647;
			files = (
				12DAAFE91D18B48900D729A9 /* AimsioBarChartTests.swift in Sources */,
			);
			runOnlyForDeploymentPostprocessing = 0;
		};
/* End PBXSourcesBuildPhase section */

/* Begin PBXTargetDependency section */
		12DAAFE61D18B48900D729A9 /* PBXTargetDependency */ = {
			isa = PBXTargetDependency;
			target = 12DAAFCC1D18B48900D729A9 /* AimsioBarChart */;
			targetProxy = 12DAAFE51D18B48900D729A9 /* PBXContainerItemProxy */;
		};
/* End PBXTargetDependency section */

/* Begin PBXVariantGroup section */
		12DAAFD41D18B48900D729A9 /* Main.storyboard */ = {
			isa = PBXVariantGroup;
			children = (
				12DAAFD51D18B48900D729A9 /* Base */,
			);
			name = Main.storyboard;
			sourceTree = "<group>";
		};
		12DAAFDC1D18B48900D729A9 /* LaunchScreen.storyboard */ = {
			isa = PBXVariantGroup;
			children = (
				12DAAFDD1D18B48900D729A9 /* Base */,
			);
			name = LaunchScreen.storyboard;
			sourceTree = "<group>";
		};
/* End PBXVariantGroup section */

/* Begin XCBuildConfiguration section */
		12DAAFEB1D18B48900D729A9 /* Debug */ = {
			isa = XCBuildConfiguration;
			buildSettings = {
				ALWAYS_SEARCH_USER_PATHS = NO;
				CLANG_ANALYZER_NONNULL = YES;
				CLANG_CXX_LANGUAGE_STANDARD = "gnu++0x";
				CLANG_CXX_LIBRARY = "libc++";
				CLANG_ENABLE_MODULES = YES;
				CLANG_ENABLE_OBJC_ARC = YES;
				CLANG_WARN_BOOL_CONVERSION = YES;
				CLANG_WARN_CONSTANT_CONVERSION = YES;
				CLANG_WARN_DIRECT_OBJC_ISA_USAGE = YES_ERROR;
				CLANG_WARN_EMPTY_BODY = YES;
				CLANG_WARN_ENUM_CONVERSION = YES;
				CLANG_WARN_INT_CONVERSION = YES;
				CLANG_WARN_OBJC_ROOT_CLASS = YES_ERROR;
				CLANG_WARN_UNREACHABLE_CODE = YES;
				CLANG_WARN__DUPLICATE_METHOD_MATCH = YES;
				"CODE_SIGN_IDENTITY[sdk=iphoneos*]" = "iPhone Developer";
				COPY_PHASE_STRIP = NO;
				DEBUG_INFORMATION_FORMAT = dwarf;
				ENABLE_STRICT_OBJC_MSGSEND = YES;
				ENABLE_TESTABILITY = YES;
				GCC_C_LANGUAGE_STANDARD = gnu99;
				GCC_DYNAMIC_NO_PIC = NO;
				GCC_NO_COMMON_BLOCKS = YES;
				GCC_OPTIMIZATION_LEVEL = 0;
				GCC_PREPROCESSOR_DEFINITIONS = (
					"DEBUG=1",
					"$(inherited)",
				);
				GCC_WARN_64_TO_32_BIT_CONVERSION = YES;
				GCC_WARN_ABOUT_RETURN_TYPE = YES_ERROR;
				GCC_WARN_UNDECLARED_SELECTOR = YES;
				GCC_WARN_UNINITIALIZED_AUTOS = YES_AGGRESSIVE;
				GCC_WARN_UNUSED_FUNCTION = YES;
				GCC_WARN_UNUSED_VARIABLE = YES;
				IPHONEOS_DEPLOYMENT_TARGET = 9.3;
				MTL_ENABLE_DEBUG_INFO = YES;
				ONLY_ACTIVE_ARCH = YES;
				SDKROOT = iphoneos;
				SWIFT_OPTIMIZATION_LEVEL = "-Onone";
			};
			name = Debug;
		};
		12DAAFEC1D18B48900D729A9 /* Release */ = {
			isa = XCBuildConfiguration;
			buildSettings = {
				ALWAYS_SEARCH_USER_PATHS = NO;
				CLANG_ANALYZER_NONNULL = YES;
				CLANG_CXX_LANGUAGE_STANDARD = "gnu++0x";
				CLANG_CXX_LIBRARY = "libc++";
				CLANG_ENABLE_MODULES = YES;
				CLANG_ENABLE_OBJC_ARC = YES;
				CLANG_WARN_BOOL_CONVERSION = YES;
				CLANG_WARN_CONSTANT_CONVERSION = YES;
				CLANG_WARN_DIRECT_OBJC_ISA_USAGE = YES_ERROR;
				CLANG_WARN_EMPTY_BODY = YES;
				CLANG_WARN_ENUM_CONVERSION = YES;
				CLANG_WARN_INT_CONVERSION = YES;
				CLANG_WARN_OBJC_ROOT_CLASS = YES_ERROR;
				CLANG_WARN_UNREACHABLE_CODE = YES;
				CLANG_WARN__DUPLICATE_METHOD_MATCH = YES;
				"CODE_SIGN_IDENTITY[sdk=iphoneos*]" = "iPhone Developer";
				COPY_PHASE_STRIP = NO;
				DEBUG_INFORMATION_FORMAT = "dwarf-with-dsym";
				ENABLE_NS_ASSERTIONS = NO;
				ENABLE_STRICT_OBJC_MSGSEND = YES;
				GCC_C_LANGUAGE_STANDARD = gnu99;
				GCC_NO_COMMON_BLOCKS = YES;
				GCC_WARN_64_TO_32_BIT_CONVERSION = YES;
				GCC_WARN_ABOUT_RETURN_TYPE = YES_ERROR;
				GCC_WARN_UNDECLARED_SELECTOR = YES;
				GCC_WARN_UNINITIALIZED_AUTOS = YES_AGGRESSIVE;
				GCC_WARN_UNUSED_FUNCTION = YES;
				GCC_WARN_UNUSED_VARIABLE = YES;
				IPHONEOS_DEPLOYMENT_TARGET = 9.3;
				MTL_ENABLE_DEBUG_INFO = NO;
				SDKROOT = iphoneos;
				VALIDATE_PRODUCT = YES;
			};
			name = Release;
		};
		12DAAFEE1D18B48900D729A9 /* Debug */ = {
			isa = XCBuildConfiguration;
			buildSettings = {
				ASSETCATALOG_COMPILER_APPICON_NAME = AppIcon;
				INFOPLIST_FILE = AimsioBarChart/Info.plist;
				LD_RUNPATH_SEARCH_PATHS = "$(inherited) @executable_path/Frameworks";
				PRODUCT_BUNDLE_IDENTIFIER = com.ArsenykUstaris.AimsioBarChart;
				PRODUCT_NAME = "$(TARGET_NAME)";
				TARGETED_DEVICE_FAMILY = 2;
			};
			name = Debug;
		};
		12DAAFEF1D18B48900D729A9 /* Release */ = {
			isa = XCBuildConfiguration;
			buildSettings = {
				ASSETCATALOG_COMPILER_APPICON_NAME = AppIcon;
				INFOPLIST_FILE = AimsioBarChart/Info.plist;
				LD_RUNPATH_SEARCH_PATHS = "$(inherited) @executable_path/Frameworks";
				PRODUCT_BUNDLE_IDENTIFIER = com.ArsenykUstaris.AimsioBarChart;
				PRODUCT_NAME = "$(TARGET_NAME)";
				TARGETED_DEVICE_FAMILY = 2;
			};
			name = Release;
		};
		12DAAFF11D18B48900D729A9 /* Debug */ = {
			isa = XCBuildConfiguration;
			buildSettings = {
				BUNDLE_LOADER = "$(TEST_HOST)";
				INFOPLIST_FILE = AimsioBarChartTests/Info.plist;
				LD_RUNPATH_SEARCH_PATHS = "$(inherited) @executable_path/Frameworks @loader_path/Frameworks";
				PRODUCT_BUNDLE_IDENTIFIER = com.ArsenykUstaris.AimsioBarChartTests;
				PRODUCT_NAME = "$(TARGET_NAME)";
				TEST_HOST = "$(BUILT_PRODUCTS_DIR)/AimsioBarChart.app/AimsioBarChart";
			};
			name = Debug;
		};
		12DAAFF21D18B48900D729A9 /* Release */ = {
			isa = XCBuildConfiguration;
			buildSettings = {
				BUNDLE_LOADER = "$(TEST_HOST)";
				INFOPLIST_FILE = AimsioBarChartTests/Info.plist;
				LD_RUNPATH_SEARCH_PATHS = "$(inherited) @executable_path/Frameworks @loader_path/Frameworks";
				PRODUCT_BUNDLE_IDENTIFIER = com.ArsenykUstaris.AimsioBarChartTests;
				PRODUCT_NAME = "$(TARGET_NAME)";
				TEST_HOST = "$(BUILT_PRODUCTS_DIR)/AimsioBarChart.app/AimsioBarChart";
			};
			name = Release;
		};
/* End XCBuildConfiguration section */

/* Begin XCConfigurationList section */
		12DAAFC81D18B48900D729A9 /* Build configuration list for PBXProject "AimsioBarChart" */ = {
			isa = XCConfigurationList;
			buildConfigurations = (
				12DAAFEB1D18B48900D729A9 /* Debug */,
				12DAAFEC1D18B48900D729A9 /* Release */,
			);
			defaultConfigurationIsVisible = 0;
			defaultConfigurationName = Release;
		};
		12DAAFED1D18B48900D729A9 /* Build configuration list for PBXNativeTarget "AimsioBarChart" */ = {
			isa = XCConfigurationList;
			buildConfigurations = (
				12DAAFEE1D18B48900D729A9 /* Debug */,
				12DAAFEF1D18B48900D729A9 /* Release */,
			);
			defaultConfigurationIsVisible = 0;
		};
		12DAAFF01D18B48900D729A9 /* Build configuration list for PBXNativeTarget "AimsioBarChartTests" */ = {
			isa = XCConfigurationList;
			buildConfigurations = (
				12DAAFF11D18B48900D729A9 /* Debug */,
				12DAAFF21D18B48900D729A9 /* Release */,
			);
			defaultConfigurationIsVisible = 0;
		};
/* End XCConfigurationList section */

/* Begin XCVersionGroup section */
		12DAAFD71D18B48900D729A9 /* AimsioBarChart.xcdatamodeld */ = {
			isa = XCVersionGroup;
			children = (
				12DAAFD81D18B48900D729A9 /* AimsioBarChart.xcdatamodel */,
			);
			currentVersion = 12DAAFD81D18B48900D729A9 /* AimsioBarChart.xcdatamodel */;
			path = AimsioBarChart.xcdatamodeld;
			sourceTree = "<group>";
			versionGroupType = wrapper.xcdatamodel;
		};
/* End XCVersionGroup section */
	};
	rootObject = 12DAAFC51D18B48900D729A9 /* Project object */;
}
